
Microsoft Visual Studio Solution File, Format Version 11.00
# Visual Studio 2010
Project("{FAE04EC0-301F-11D3-BF4B-00C04F79EFBC}") = "Assembly-CSharp", "Assembly-CSharp.csproj", "{0a2afb55-6a32-28fc-b54d-4e490e202edb}"
EndProject
Global
	GlobalSection(SolutionConfigurationPlatforms) = preSolution
		Debug|Any CPU = Debug|Any CPU
		Release|Any CPU = Release|Any CPU
	EndGlobalSection
	GlobalSection(ProjectConfigurationPlatforms) = postSolution
		{0a2afb55-6a32-28fc-b54d-4e490e202edb}.Debug|Any CPU.ActiveCfg = Debug|Any CPU
		{0a2afb55-6a32-28fc-b54d-4e490e202edb}.Debug|Any CPU.Build.0 = Debug|Any CPU
		{0a2afb55-6a32-28fc-b54d-4e490e202edb}.Release|Any CPU.ActiveCfg = Release|Any CPU
		{0a2afb55-6a32-28fc-b54d-4e490e202edb}.Release|Any CPU.Build.0 = Release|Any CPU
	EndGlobalSection
	GlobalSection(SolutionProperties) = preSolution
		HideSolutionNode = FALSE
	EndGlobalSection
EndGlobal
